
Microsoft Visual Studio Solution File, Format Version 12.00
# Visual Studio 2012
Project("{FAE04EC0-301F-11D3-BF4B-00C04F79EFBC}") = "MVCFileUpload", "MVCFileUpload\MVCFileUpload.csproj", "{7468A45E-6DF1-436A-A453-C4B3BE50AA34}"
EndProject
Project("{FAE04EC0-301F-11D3-BF4B-00C04F79EFBC}") = "MVCFileUpload.Tests", "MVCFileUpload.Tests\MVCFileUpload.Tests.csproj", "{8358CD9D-0BAF-4E65-8DB2-C4D5BF75DEA0}"
EndProject
Global
	GlobalSection(SolutionConfigurationPlatforms) = preSolution
		Debug|Any CPU = Debug|Any CPU
		Release|Any CPU = Release|Any CPU
	EndGlobalSection
	GlobalSection(ProjectConfigurationPlatforms) = postSolution
		{7468A45E-6DF1-436A-A453-C4B3BE50AA34}.Debug|Any CPU.ActiveCfg = Debug|Any CPU
		{7468A45E-6DF1-436A-A453-C4B3BE50AA34}.Debug|Any CPU.Build.0 = Debug|Any CPU
		{7468A45E-6DF1-436A-A453-C4B3BE50AA34}.Release|Any CPU.ActiveCfg = Release|Any CPU
		{7468A45E-6DF1-436A-A453-C4B3BE50AA34}.Release|Any CPU.Build.0 = Release|Any CPU
		{8358CD9D-0BAF-4E65-8DB2-C4D5BF75DEA0}.Debug|Any CPU.ActiveCfg = Debug|Any CPU
		{8358CD9D-0BAF-4E65-8DB2-C4D5BF75DEA0}.Debug|Any CPU.Build.0 = Debug|Any CPU
		{8358CD9D-0BAF-4E65-8DB2-C4D5BF75DEA0}.Release|Any CPU.ActiveCfg = Release|Any CPU
		{8358CD9D-0BAF-4E65-8DB2-C4D5BF75DEA0}.Release|Any CPU.Build.0 = Release|Any CPU
	EndGlobalSection
	GlobalSection(SolutionProperties) = preSolution
		HideSolutionNode = FALSE
	EndGlobalSection
EndGlobal
